
Microsoft Visual Studio Solution File, Format Version 12.00
# Visual Studio Version 17
VisualStudioVersion = 17.14.36212.18
MinimumVisualStudioVersion = 10.0.40219.1
Project("{54A90642-561A-4BB1-A94E-469ADEE60C69}") = "Frontend", "Frontend\Frontend.esproj", "{77D41B84-BDD9-C8D4-CBAF-73419802FDA2}"
EndProject
Project("{FAE04EC0-301F-11D3-BF4B-00C04F79EFBC}") = "Backend", "Backend\Backend.csproj", "{BDCB7AAF-B4AF-441B-B3B9-4A0F5DB56F02}"
EndProject
Global
	GlobalSection(SolutionConfigurationPlatforms) = preSolution
		Debug|Any CPU = Debug|Any CPU
		Release|Any CPU = Release|Any CPU
	EndGlobalSection
	GlobalSection(ProjectConfigurationPlatforms) = postSolution
		{77D41B84-BDD9-C8D4-CBAF-73419802FDA2}.Debug|Any CPU.ActiveCfg = Debug|Any CPU
		{77D41B84-BDD9-C8D4-CBAF-73419802FDA2}.Debug|Any CPU.Build.0 = Debug|Any CPU
		{77D41B84-BDD9-C8D4-CBAF-73419802FDA2}.Debug|Any CPU.Deploy.0 = Debug|Any CPU
		{77D41B84-BDD9-C8D4-CBAF-73419802FDA2}.Release|Any CPU.ActiveCfg = Release|Any CPU
		{77D41B84-BDD9-C8D4-CBAF-73419802FDA2}.Release|Any CPU.Build.0 = Release|Any CPU
		{77D41B84-BDD9-C8D4-CBAF-73419802FDA2}.Release|Any CPU.Deploy.0 = Release|Any CPU
		{BDCB7AAF-B4AF-441B-B3B9-4A0F5DB56F02}.Debug|Any CPU.ActiveCfg = Debug|Any CPU
		{BDCB7AAF-B4AF-441B-B3B9-4A0F5DB56F02}.Debug|Any CPU.Build.0 = Debug|Any CPU
		{BDCB7AAF-B4AF-441B-B3B9-4A0F5DB56F02}.Release|Any CPU.ActiveCfg = Release|Any CPU
		{BDCB7AAF-B4AF-441B-B3B9-4A0F5DB56F02}.Release|Any CPU.Build.0 = Release|Any CPU
	EndGlobalSection
	GlobalSection(SolutionProperties) = preSolution
		HideSolutionNode = FALSE
	EndGlobalSection
	GlobalSection(ExtensibilityGlobals) = postSolution
		SolutionGuid = {3BAA4912-590A-4F0A-BD6C-846EEED8D5BC}
	EndGlobalSection
EndGlobal
